// !$*UTF8*$!
{
	archiveVersion = 1;
	classes = {
	};
	objectVersion = 56;
	objects = {

/* Begin PBXBuildFile section */
		AB0000010000000000000101 /* BookmakerApp.swift in Sources */ = {isa = PBXBuildFile; fileRef = AB0000010000000000000001 /* BookmakerApp.swift */; };
		AB0000010000000000000102 /* BookDocument.swift in Sources */ = {isa = PBXBuildFile; fileRef = AB0000010000000000000002 /* BookDocument.swift */; };
		AB0000010000000000000103 /* LaTeXEngine.swift in Sources */ = {isa = PBXBuildFile; fileRef = AB0000010000000000000003 /* LaTeXEngine.swift */; };
		AB0000010000000000000104 /* TypesetController.swift in Sources */ = {isa = PBXBuildFile; fileRef = AB0000010000000000000004 /* TypesetController.swift */; };
		AB0000010000000000000105 /* ContentView.swift in Sources */ = {isa = PBXBuildFile; fileRef = AB0000010000000000000005 /* ContentView.swift */; };
		AB0000010000000000000106 /* PDFPreviewView.swift in Sources */ = {isa = PBXBuildFile; fileRef = AB0000010000000000000006 /* PDFPreviewView.swift */; };
		AB0000010000000000000107 /* PageSetupView.swift in Sources */ = {isa = PBXBuildFile; fileRef = AB0000010000000000000007 /* PageSetupView.swift */; };
/* End PBXBuildFile section */

/* Begin PBXFileReference section */
		AB0000010000000000000001 /* BookmakerApp.swift */ = {isa = PBXFileReference; lastKnownFileType = sourcecode.swift; path = BookmakerApp.swift; sourceTree = "<group>"; };
		AB0000010000000000000002 /* BookDocument.swift */ = {isa = PBXFileReference; lastKnownFileType = sourcecode.swift; path = BookDocument.swift; sourceTree = "<group>"; };
		AB0000010000000000000003 /* LaTeXEngine.swift */ = {isa = PBXFileReference; lastKnownFileType = sourcecode.swift; path = LaTeXEngine.swift; sourceTree = "<group>"; };
		AB0000010000000000000004 /* TypesetController.swift */ = {isa = PBXFileReference; lastKnownFileType = sourcecode.swift; path = TypesetController.swift; sourceTree = "<group>"; };
		AB0000010000000000000005 /* ContentView.swift */ = {isa = PBXFileReference; lastKnownFileType = sourcecode.swift; path = ContentView.swift; sourceTree = "<group>"; };
		AB0000010000000000000006 /* PDFPreviewView.swift */ = {isa = PBXFileReference; lastKnownFileType = sourcecode.swift; path = PDFPreviewView.swift; sourceTree = "<group>"; };
		AB0000010000000000000007 /* PageSetupView.swift */ = {isa = PBXFileReference; lastKnownFileType = sourcecode.swift; path = PageSetupView.swift; sourceTree = "<group>"; };
		AB0000010000000000000008 /* Info.plist */ = {isa = PBXFileReference; lastKnownFileType = text.plist.xml; path = Info.plist; sourceTree = "<group>"; };
		AB0000010000000000000009 /* Bookmaker.app */ = {isa = PBXFileReference; explicitFileType = wrapper.application; includeInIndex = 0; path = Bookmaker.app; sourceTree = BUILT_PRODUCTS_DIR; };
/* End PBXFileReference section */

/* Begin PBXFrameworksBuildPhase section */
		AB0000010000000000000302 /* Frameworks */ = {
			isa = PBXFrameworksBuildPhase;
			buildActionMask = 2147483647;
			files = (
			);
			runOnlyForDeploymentPostprocessing = 0;
		};
/* End PBXFrameworksBuildPhase section */

/* Begin PBXGroup section */
		AB0000010000000000000201 = {
			isa = PBXGroup;
			children = (
				AB0000010000000000000202 /* Bookmaker */,
				AB0000010000000000000203 /* Products */,
			);
			sourceTree = "<group>";
		};
		AB0000010000000000000202 /* Bookmaker */ = {
			isa = PBXGroup;
			children = (
				AB0000010000000000000001 /* BookmakerApp.swift */,
				AB0000010000000000000002 /* BookDocument.swift */,
				AB0000010000000000000003 /* LaTeXEngine.swift */,
				AB0000010000000000000004 /* TypesetController.swift */,
				AB0000010000000000000005 /* ContentView.swift */,
				AB0000010000000000000006 /* PDFPreviewView.swift */,
				AB0000010000000000000007 /* PageSetupView.swift */,
				AB0000010000000000000008 /* Info.plist */,
			);
			path = Bookmaker;
			sourceTree = "<group>";
		};
		AB0000010000000000000203 /* Products */ = {
			isa = PBXGroup;
			children = (
				AB0000010000000000000009 /* Bookmaker.app */,
			);
			name = Products;
			sourceTree = "<group>";
		};
/* End PBXGroup section */

/* Begin PBXNativeTarget section */
		AB0000010000000000000401 /* Bookmaker */ = {
			isa = PBXNativeTarget;
			buildConfigurationList = AB0000010000000000000702 /* Build configuration list for PBXNativeTarget "Bookmaker" */;
			buildPhases = (
				AB0000010000000000000301 /* Sources */,
				AB0000010000000000000302 /* Frameworks */,
				AB0000010000000000000303 /* Resources */,
			);
			buildRules = (
			);
			dependencies = (
			);
			name = Bookmaker;
			productName = Bookmaker;
			productReference = AB0000010000000000000009 /* Bookmaker.app */;
			productType = "com.apple.product-type.application";
		};
/* End PBXNativeTarget section */

/* Begin PBXProject section */
		AB0000010000000000000501 /* Project object */ = {
			isa = PBXProject;
			attributes = {
				BuildIndependentTargetsInParallel = 1;
				LastSwiftUpdateCheck = 1500;
				LastUpgradeCheck = 1500;
				TargetAttributes = {
					AB0000010000000000000401 = {
						CreatedOnToolsVersion = 15.0;
					};
				};
			};
			buildConfigurationList = AB0000010000000000000701 /* Build configuration list for PBXProject "Bookmaker" */;
			compatibilityVersion = "Xcode 14.0";
			developmentRegion = en;
			hasScannedForEncodings = 0;
			knownRegions = (
				en,
				Base,
			);
			mainGroup = AB0000010000000000000201;
			productRefGroup = AB0000010000000000000203 /* Products */;
			projectDirPath = "";
			projectRoot = "";
			targets = (
				AB0000010000000000000401 /* Bookmaker */,
			);
		};
/* End PBXProject section */

/* Begin PBXResourcesBuildPhase section */
		AB0000010000000000000303 /* Resources */ = {
			isa = PBXResourcesBuildPhase;
			buildActionMask = 2147483647;
			files = (
			);
			runOnlyForDeploymentPostprocessing = 0;
		};
/* End PBXResourcesBuildPhase section */

/* Begin PBXSourcesBuildPhase section */
		AB0000010000000000000301 /* Sources */ = {
			isa = PBXSourcesBuildPhase;
			buildActionMask = 2147483647;
			files = (
				AB0000010000000000000101 /* BookmakerApp.swift in Sources */,
				AB0000010000000000000102 /* BookDocument.swift in Sources */,
				AB0000010000000000000103 /* LaTeXEngine.swift in Sources */,
				AB0000010000000000000104 /* TypesetController.swift in Sources */,
				AB0000010000000000000105 /* ContentView.swift in Sources */,
				AB0000010000000000000106 /* PDFPreviewView.swift in Sources */,
				AB0000010000000000000107 /* PageSetupView.swift in Sources */,
			);
			runOnlyForDeploymentPostprocessing = 0;
		};
/* End PBXSourcesBuildPhase section */

/* Begin XCBuildConfiguration section */
		AB0000010000000000000601 /* Debug */ = {
			isa = XCBuildConfiguration;
			buildSettings = {
				ALWAYS_SEARCH_USER_PATHS = NO;
				CLANG_ENABLE_MODULES = YES;
				CLANG_ENABLE_OBJC_ARC = YES;
				COPY_PHASE_STRIP = NO;
				DEBUG_INFORMATION_FORMAT = dwarf;
				ENABLE_STRICT_OBJC_MSGSEND = YES;
				ENABLE_TESTABILITY = YES;
				GCC_C_LANGUAGE_STANDARD = gnu17;
				GCC_NO_COMMON_BLOCKS = YES;
				GCC_OPTIMIZATION_LEVEL = 0;
				GCC_PREPROCESSOR_DEFINITIONS = (
					"DEBUG=1",
					"$(inherited)",
				);
				MACOSX_DEPLOYMENT_TARGET = 13.0;
				MTL_ENABLE_DEBUG_INFO = INCLUDE_SOURCE;
				ONLY_ACTIVE_ARCH = YES;
				SDKROOT = macosx;
				SWIFT_ACTIVE_COMPILATION_CONDITIONS = "DEBUG $(inherited)";
				SWIFT_OPTIMIZATION_LEVEL = "-Onone";
			};
			name = Debug;
		};
		AB0000010000000000000602 /* Release */ = {
			isa = XCBuildConfiguration;
			buildSettings = {
				ALWAYS_SEARCH_USER_PATHS = NO;
				CLANG_ENABLE_MODULES = YES;
				CLANG_ENABLE_OBJC_ARC = YES;
				COPY_PHASE_STRIP = NO;
				DEBUG_INFORMATION_FORMAT = "dwarf-with-dsym";
				ENABLE_NS_ASSERTIONS = NO;
				ENABLE_STRICT_OBJC_MSGSEND = YES;
				GCC_C_LANGUAGE_STANDARD = gnu17;
				GCC_NO_COMMON_BLOCKS = YES;
				MACOSX_DEPLOYMENT_TARGET = 13.0;
				MTL_ENABLE_DEBUG_INFO = NO;
				SDKROOT = macosx;
				SWIFT_COMPILATION_MODE = wholemodule;
				SWIFT_OPTIMIZATION_LEVEL = "-O";
			};
			name = Release;
		};
		AB0000010000000000000603 /* Debug */ = {
			isa = XCBuildConfiguration;
			buildSettings = {
				CODE_SIGN_IDENTITY = "-";
				CODE_SIGN_STYLE = Automatic;
				COMBINE_HIDPI_IMAGES = YES;
				CURRENT_PROJECT_VERSION = 1;
				ENABLE_HARDENED_RUNTIME = NO;
				GENERATE_INFOPLIST_FILE = YES;
				INFOPLIST_FILE = Bookmaker/Info.plist;
				INFOPLIST_KEY_NSHumanReadableCopyright = "";
				LD_RUNPATH_SEARCH_PATHS = (
					"$(inherited)",
					"@executable_path/../Frameworks",
				);
				MARKETING_VERSION = 0.1;
				PRODUCT_BUNDLE_IDENTIFIER = com.mekkablue.Bookmaker;
				PRODUCT_NAME = "$(TARGET_NAME)";
				SWIFT_EMIT_LOC_STRINGS = YES;
				SWIFT_VERSION = 5.0;
			};
			name = Debug;
		};
		AB0000010000000000000604 /* Release */ = {
			isa = XCBuildConfiguration;
			buildSettings = {
				CODE_SIGN_IDENTITY = "-";
				CODE_SIGN_STYLE = Automatic;
				COMBINE_HIDPI_IMAGES = YES;
				CURRENT_PROJECT_VERSION = 1;
				ENABLE_HARDENED_RUNTIME = NO;
				GENERATE_INFOPLIST_FILE = YES;
				INFOPLIST_FILE = Bookmaker/Info.plist;
				INFOPLIST_KEY_NSHumanReadableCopyright = "";
				LD_RUNPATH_SEARCH_PATHS = (
					"$(inherited)",
					"@executable_path/../Frameworks",
				);
				MARKETING_VERSION = 0.1;
				PRODUCT_BUNDLE_IDENTIFIER = com.mekkablue.Bookmaker;
				PRODUCT_NAME = "$(TARGET_NAME)";
				SWIFT_EMIT_LOC_STRINGS = YES;
				SWIFT_VERSION = 5.0;
			};
			name = Release;
		};
/* End XCBuildConfiguration section */

/* Begin XCConfigurationList section */
		AB0000010000000000000701 /* Build configuration list for PBXProject "Bookmaker" */ = {
			isa = XCConfigurationList;
			buildConfigurations = (
				AB0000010000000000000601 /* Debug */,
				AB0000010000000000000602 /* Release */,
			);
			defaultConfigurationIsVisible = 0;
			defaultConfigurationName = Release;
		};
		AB0000010000000000000702 /* Build configuration list for PBXNativeTarget "Bookmaker" */ = {
			isa = XCConfigurationList;
			buildConfigurations = (
				AB0000010000000000000603 /* Debug */,
				AB0000010000000000000604 /* Release */,
			);
			defaultConfigurationIsVisible = 0;
			defaultConfigurationName = Release;
		};
/* End XCConfigurationList section */
	};
	rootObject = AB0000010000000000000501 /* Project object */;
}
